
Microsoft Visual Studio Solution File, Format Version 12.00
# Visual Studio 15
VisualStudioVersion = 15.0.26430.16
MinimumVisualStudioVersion = 10.0.40219.1
Project("{9A19103F-16F7-4668-BE54-9A1E7A4F7556}") = "Garden.Web", "Garden.Web\Garden.Web.csproj", "{86997646-0000-47D8-823F-62CED0A4E68D}"
EndProject
Project("{9A19103F-16F7-4668-BE54-9A1E7A4F7556}") = "Garden.Frame", "Garden.Frame\Garden.Frame.csproj", "{DD1423D9-53FA-4926-86F3-3E26679A7071}"
EndProject
Project("{9A19103F-16F7-4668-BE54-9A1E7A4F7556}") = "RedisStudy", "RedisStudy\RedisStudy.csproj", "{7729E83B-0666-4CB2-8567-6DE9FFDFB7BE}"
EndProject
Project("{9A19103F-16F7-4668-BE54-9A1E7A4F7556}") = "Garden.WebApi", "Garden.WebApi\Garden.WebApi.csproj", "{D8C3345A-7CDE-4437-8BE3-C405A7D6780E}"
EndProject
Project("{2150E333-8FDC-42A3-9474-1A3956D46DE8}") = "dotnetFrWk", "dotnetFrWk", "{812AA97D-6CA5-429B-9FB3-9FF0CC45BC2F}"
EndProject
Project("{FAE04EC0-301F-11D3-BF4B-00C04F79EFBC}") = "ElasticSearchStudy", "dotnetFrWk\ElasticSearchStudy\SimpleElasticSearchStudy\ElasticSearchStudy.csproj", "{13DBFF88-F180-41C6-903F-D09D99840C45}"
EndProject
Project("{FAE04EC0-301F-11D3-BF4B-00C04F79EFBC}") = "NuSearch.Domain", "dotnetFrWk\ElasticSearchStudy\NuSearch.Domain\NuSearch.Domain.csproj", "{D3848D9B-E8ED-497C-8FFC-3BE63DD34ACF}"
EndProject
Project("{FAE04EC0-301F-11D3-BF4B-00C04F79EFBC}") = "NuSearch.Indexer", "dotnetFrWk\ElasticSearchStudy\NuSearch.Indexer\NuSearch.Indexer.csproj", "{24FD19B5-F2FE-41AE-AB47-99F141171C1E}"
EndProject
Project("{FAE04EC0-301F-11D3-BF4B-00C04F79EFBC}") = "NuSearch.Harvester", "dotnetFrWk\ElasticSearchStudy\NuSearch.Harvester\NuSearch.Harvester.csproj", "{4516F89C-2E03-425A-A2C2-7EB7AABCFE3A}"
EndProject
Project("{FAE04EC0-301F-11D3-BF4B-00C04F79EFBC}") = "NuSearch.Web", "dotnetFrWk\ElasticSearchStudy\NuSearch.Web\NuSearch.Web.csproj", "{E20CDDAB-A919-4A64-B5D8-1950348AF0E5}"
EndProject
Project("{2150E333-8FDC-42A3-9474-1A3956D46DE8}") = "ElasticSearchStudy", "ElasticSearchStudy", "{7A8049B0-8147-4F8B-9171-408863122D48}"
EndProject
Project("{FAE04EC0-301F-11D3-BF4B-00C04F79EFBC}") = "EFStudy", "dotnetFrWk\EFStudy\EFStudy.csproj", "{6728A74F-5AC0-4396-9C43-08BB35D05424}"
EndProject
Project("{FAE04EC0-301F-11D3-BF4B-00C04F79EFBC}") = "CNTKStudy", "dotnetFrWk\CNTKStudy\CNTKStudy.csproj", "{88FD9626-87A5-4296-9375-A267C802F709}"
EndProject
Project("{FAE04EC0-301F-11D3-BF4B-00C04F79EFBC}") = "MongoDBStudy", "dotnetFrWk\MongoDBStudy\MongoDBStudy.csproj", "{80EE0BB8-A766-4514-9E8F-FE55025A3A94}"
EndProject
Project("{FAE04EC0-301F-11D3-BF4B-00C04F79EFBC}") = "redisDemo", "dotnetFrWk\redisDemo\redisDemo.csproj", "{74DEE2BD-94A8-4EAF-9AD6-C69611A4BE3D}"
EndProject
Project("{FAE04EC0-301F-11D3-BF4B-00C04F79EFBC}") = "SPAStudy", "dotnetFrWk\SPAStudy\SPAStudy.csproj", "{0CA6CC75-F62E-4DCB-B065-79D2A348962B}"
EndProject
Project("{FAE04EC0-301F-11D3-BF4B-00C04F79EFBC}") = "ThriftStudy.Client", "dotnetFrWk\ThriftStudy.Client\ThriftStudy.Client.csproj", "{663CD176-665B-4860-8BB0-0DEBB27F13B8}"
EndProject
Project("{FAE04EC0-301F-11D3-BF4B-00C04F79EFBC}") = "ThriftStudy.Interface", "dotnetFrWk\ThriftStudy.Interface\ThriftStudy.Interface.csproj", "{50C05987-E88B-4A10-BB4C-AF33F8F2482F}"
EndProject
Project("{FAE04EC0-301F-11D3-BF4B-00C04F79EFBC}") = "ThriftStudy.Server", "dotnetFrWk\ThriftStudy.Server\ThriftStudy.Server.csproj", "{4DDD4310-BD6B-4578-9AA3-6333C4A9AFD4}"
EndProject
Project("{FAE04EC0-301F-11D3-BF4B-00C04F79EFBC}") = "Garden.Try", "Garden.Try\Garden.Try.csproj", "{C11672FD-070B-4962-89BA-7A4F18934FB4}"
EndProject
Global
	GlobalSection(SolutionConfigurationPlatforms) = preSolution
		Debug|Any CPU = Debug|Any CPU
		Debug|x64 = Debug|x64
		Debug|x86 = Debug|x86
		Release|Any CPU = Release|Any CPU
		Release|x64 = Release|x64
		Release|x86 = Release|x86
	EndGlobalSection
	GlobalSection(ProjectConfigurationPlatforms) = postSolution
		{86997646-0000-47D8-823F-62CED0A4E68D}.Debug|Any CPU.ActiveCfg = Debug|Any CPU
		{86997646-0000-47D8-823F-62CED0A4E68D}.Debug|Any CPU.Build.0 = Debug|Any CPU
		{86997646-0000-47D8-823F-62CED0A4E68D}.Debug|x64.ActiveCfg = Debug|Any CPU
		{86997646-0000-47D8-823F-62CED0A4E68D}.Debug|x64.Build.0 = Debug|Any CPU
		{86997646-0000-47D8-823F-62CED0A4E68D}.Debug|x86.ActiveCfg = Debug|Any CPU
		{86997646-0000-47D8-823F-62CED0A4E68D}.Debug|x86.Build.0 = Debug|Any CPU
		{86997646-0000-47D8-823F-62CED0A4E68D}.Release|Any CPU.ActiveCfg = Release|Any CPU
		{86997646-0000-47D8-823F-62CED0A4E68D}.Release|Any CPU.Build.0 = Release|Any CPU
		{86997646-0000-47D8-823F-62CED0A4E68D}.Release|x64.ActiveCfg = Release|Any CPU
		{86997646-0000-47D8-823F-62CED0A4E68D}.Release|x64.Build.0 = Release|Any CPU
		{86997646-0000-47D8-823F-62CED0A4E68D}.Release|x86.ActiveCfg = Release|Any CPU
		{86997646-0000-47D8-823F-62CED0A4E68D}.Release|x86.Build.0 = Release|Any CPU
		{DD1423D9-53FA-4926-86F3-3E26679A7071}.Debug|Any CPU.ActiveCfg = Debug|Any CPU
		{DD1423D9-53FA-4926-86F3-3E26679A7071}.Debug|Any CPU.Build.0 = Debug|Any CPU
		{DD1423D9-53FA-4926-86F3-3E26679A7071}.Debug|x64.ActiveCfg = Debug|Any CPU
		{DD1423D9-53FA-4926-86F3-3E26679A7071}.Debug|x64.Build.0 = Debug|Any CPU
		{DD1423D9-53FA-4926-86F3-3E26679A7071}.Debug|x86.ActiveCfg = Debug|Any CPU
		{DD1423D9-53FA-4926-86F3-3E26679A7071}.Debug|x86.Build.0 = Debug|Any CPU
		{DD1423D9-53FA-4926-86F3-3E26679A7071}.Release|Any CPU.ActiveCfg = Release|Any CPU
		{DD1423D9-53FA-4926-86F3-3E26679A7071}.Release|Any CPU.Build.0 = Release|Any CPU
		{DD1423D9-53FA-4926-86F3-3E26679A7071}.Release|x64.ActiveCfg = Release|Any CPU
		{DD1423D9-53FA-4926-86F3-3E26679A7071}.Release|x64.Build.0 = Release|Any CPU
		{DD1423D9-53FA-4926-86F3-3E26679A7071}.Release|x86.ActiveCfg = Release|Any CPU
		{DD1423D9-53FA-4926-86F3-3E26679A7071}.Release|x86.Build.0 = Release|Any CPU
		{7729E83B-0666-4CB2-8567-6DE9FFDFB7BE}.Debug|Any CPU.ActiveCfg = Debug|Any CPU
		{7729E83B-0666-4CB2-8567-6DE9FFDFB7BE}.Debug|Any CPU.Build.0 = Debug|Any CPU
		{7729E83B-0666-4CB2-8567-6DE9FFDFB7BE}.Debug|x64.ActiveCfg = Debug|Any CPU
		{7729E83B-0666-4CB2-8567-6DE9FFDFB7BE}.Debug|x64.Build.0 = Debug|Any CPU
		{7729E83B-0666-4CB2-8567-6DE9FFDFB7BE}.Debug|x86.ActiveCfg = Debug|Any CPU
		{7729E83B-0666-4CB2-8567-6DE9FFDFB7BE}.Debug|x86.Build.0 = Debug|Any CPU
		{7729E83B-0666-4CB2-8567-6DE9FFDFB7BE}.Release|Any CPU.ActiveCfg = Release|Any CPU
		{7729E83B-0666-4CB2-8567-6DE9FFDFB7BE}.Release|Any CPU.Build.0 = Release|Any CPU
		{7729E83B-0666-4CB2-8567-6DE9FFDFB7BE}.Release|x64.ActiveCfg = Release|Any CPU
		{7729E83B-0666-4CB2-8567-6DE9FFDFB7BE}.Release|x64.Build.0 = Release|Any CPU
		{7729E83B-0666-4CB2-8567-6DE9FFDFB7BE}.Release|x86.ActiveCfg = Release|Any CPU
		{7729E83B-0666-4CB2-8567-6DE9FFDFB7BE}.Release|x86.Build.0 = Release|Any CPU
		{D8C3345A-7CDE-4437-8BE3-C405A7D6780E}.Debug|Any CPU.ActiveCfg = Debug|Any CPU
		{D8C3345A-7CDE-4437-8BE3-C405A7D6780E}.Debug|Any CPU.Build.0 = Debug|Any CPU
		{D8C3345A-7CDE-4437-8BE3-C405A7D6780E}.Debug|x64.ActiveCfg = Debug|Any CPU
		{D8C3345A-7CDE-4437-8BE3-C405A7D6780E}.Debug|x64.Build.0 = Debug|Any CPU
		{D8C3345A-7CDE-4437-8BE3-C405A7D6780E}.Debug|x86.ActiveCfg = Debug|Any CPU
		{D8C3345A-7CDE-4437-8BE3-C405A7D6780E}.Debug|x86.Build.0 = Debug|Any CPU
		{D8C3345A-7CDE-4437-8BE3-C405A7D6780E}.Release|Any CPU.ActiveCfg = Release|Any CPU
		{D8C3345A-7CDE-4437-8BE3-C405A7D6780E}.Release|Any CPU.Build.0 = Release|Any CPU
		{D8C3345A-7CDE-4437-8BE3-C405A7D6780E}.Release|x64.ActiveCfg = Release|Any CPU
		{D8C3345A-7CDE-4437-8BE3-C405A7D6780E}.Release|x64.Build.0 = Release|Any CPU
		{D8C3345A-7CDE-4437-8BE3-C405A7D6780E}.Release|x86.ActiveCfg = Release|Any CPU
		{D8C3345A-7CDE-4437-8BE3-C405A7D6780E}.Release|x86.Build.0 = Release|Any CPU
		{13DBFF88-F180-41C6-903F-D09D99840C45}.Debug|Any CPU.ActiveCfg = Debug|Any CPU
		{13DBFF88-F180-41C6-903F-D09D99840C45}.Debug|Any CPU.Build.0 = Debug|Any CPU
		{13DBFF88-F180-41C6-903F-D09D99840C45}.Debug|x64.ActiveCfg = Debug|Any CPU
		{13DBFF88-F180-41C6-903F-D09D99840C45}.Debug|x64.Build.0 = Debug|Any CPU
		{13DBFF88-F180-41C6-903F-D09D99840C45}.Debug|x86.ActiveCfg = Debug|Any CPU
		{13DBFF88-F180-41C6-903F-D09D99840C45}.Debug|x86.Build.0 = Debug|Any CPU
		{13DBFF88-F180-41C6-903F-D09D99840C45}.Release|Any CPU.ActiveCfg = Release|Any CPU
		{13DBFF88-F180-41C6-903F-D09D99840C45}.Release|Any CPU.Build.0 = Release|Any CPU
		{13DBFF88-F180-41C6-903F-D09D99840C45}.Release|x64.ActiveCfg = Release|Any CPU
		{13DBFF88-F180-41C6-903F-D09D99840C45}.Release|x64.Build.0 = Release|Any CPU
		{13DBFF88-F180-41C6-903F-D09D99840C45}.Release|x86.ActiveCfg = Release|Any CPU
		{13DBFF88-F180-41C6-903F-D09D99840C45}.Release|x86.Build.0 = Release|Any CPU
		{D3848D9B-E8ED-497C-8FFC-3BE63DD34ACF}.Debug|Any CPU.ActiveCfg = Debug|Any CPU
		{D3848D9B-E8ED-497C-8FFC-3BE63DD34ACF}.Debug|Any CPU.Build.0 = Debug|Any CPU
		{D3848D9B-E8ED-497C-8FFC-3BE63DD34ACF}.Debug|x64.ActiveCfg = Debug|Any CPU
		{D3848D9B-E8ED-497C-8FFC-3BE63DD34ACF}.Debug|x64.Build.0 = Debug|Any CPU
		{D3848D9B-E8ED-497C-8FFC-3BE63DD34ACF}.Debug|x86.ActiveCfg = Debug|Any CPU
		{D3848D9B-E8ED-497C-8FFC-3BE63DD34ACF}.Debug|x86.Build.0 = Debug|Any CPU
		{D3848D9B-E8ED-497C-8FFC-3BE63DD34ACF}.Release|Any CPU.ActiveCfg = Release|Any CPU
		{D3848D9B-E8ED-497C-8FFC-3BE63DD34ACF}.Release|Any CPU.Build.0 = Release|Any CPU
		{D3848D9B-E8ED-497C-8FFC-3BE63DD34ACF}.Release|x64.ActiveCfg = Release|Any CPU
		{D3848D9B-E8ED-497C-8FFC-3BE63DD34ACF}.Release|x64.Build.0 = Release|Any CPU
		{D3848D9B-E8ED-497C-8FFC-3BE63DD34ACF}.Release|x86.ActiveCfg = Release|Any CPU
		{D3848D9B-E8ED-497C-8FFC-3BE63DD34ACF}.Release|x86.Build.0 = Release|Any CPU
		{24FD19B5-F2FE-41AE-AB47-99F141171C1E}.Debug|Any CPU.ActiveCfg = Debug|Any CPU
		{24FD19B5-F2FE-41AE-AB47-99F141171C1E}.Debug|Any CPU.Build.0 = Debug|Any CPU
		{24FD19B5-F2FE-41AE-AB47-99F141171C1E}.Debug|x64.ActiveCfg = Debug|Any CPU
		{24FD19B5-F2FE-41AE-AB47-99F141171C1E}.Debug|x64.Build.0 = Debug|Any CPU
		{24FD19B5-F2FE-41AE-AB47-99F141171C1E}.Debug|x86.ActiveCfg = Debug|Any CPU
		{24FD19B5-F2FE-41AE-AB47-99F141171C1E}.Debug|x86.Build.0 = Debug|Any CPU
		{24FD19B5-F2FE-41AE-AB47-99F141171C1E}.Release|Any CPU.ActiveCfg = Release|Any CPU
		{24FD19B5-F2FE-41AE-AB47-99F141171C1E}.Release|Any CPU.Build.0 = Release|Any CPU
		{24FD19B5-F2FE-41AE-AB47-99F141171C1E}.Release|x64.ActiveCfg = Release|Any CPU
		{24FD19B5-F2FE-41AE-AB47-99F141171C1E}.Release|x64.Build.0 = Release|Any CPU
		{24FD19B5-F2FE-41AE-AB47-99F141171C1E}.Release|x86.ActiveCfg = Release|Any CPU
		{24FD19B5-F2FE-41AE-AB47-99F141171C1E}.Release|x86.Build.0 = Release|Any CPU
		{4516F89C-2E03-425A-A2C2-7EB7AABCFE3A}.Debug|Any CPU.ActiveCfg = Debug|Any CPU
		{4516F89C-2E03-425A-A2C2-7EB7AABCFE3A}.Debug|Any CPU.Build.0 = Debug|Any CPU
		{4516F89C-2E03-425A-A2C2-7EB7AABCFE3A}.Debug|x64.ActiveCfg = Debug|Any CPU
		{4516F89C-2E03-425A-A2C2-7EB7AABCFE3A}.Debug|x64.Build.0 = Debug|Any CPU
		{4516F89C-2E03-425A-A2C2-7EB7AABCFE3A}.Debug|x86.ActiveCfg = Debug|Any CPU
		{4516F89C-2E03-425A-A2C2-7EB7AABCFE3A}.Debug|x86.Build.0 = Debug|Any CPU
		{4516F89C-2E03-425A-A2C2-7EB7AABCFE3A}.Release|Any CPU.ActiveCfg = Release|Any CPU
		{4516F89C-2E03-425A-A2C2-7EB7AABCFE3A}.Release|Any CPU.Build.0 = Release|Any CPU
		{4516F89C-2E03-425A-A2C2-7EB7AABCFE3A}.Release|x64.ActiveCfg = Release|Any CPU
		{4516F89C-2E03-425A-A2C2-7EB7AABCFE3A}.Release|x64.Build.0 = Release|Any CPU
		{4516F89C-2E03-425A-A2C2-7EB7AABCFE3A}.Release|x86.ActiveCfg = Release|Any CPU
		{4516F89C-2E03-425A-A2C2-7EB7AABCFE3A}.Release|x86.Build.0 = Release|Any CPU
		{E20CDDAB-A919-4A64-B5D8-1950348AF0E5}.Debug|Any CPU.ActiveCfg = Debug|Any CPU
		{E20CDDAB-A919-4A64-B5D8-1950348AF0E5}.Debug|Any CPU.Build.0 = Debug|Any CPU
		{E20CDDAB-A919-4A64-B5D8-1950348AF0E5}.Debug|x64.ActiveCfg = Debug|Any CPU
		{E20CDDAB-A919-4A64-B5D8-1950348AF0E5}.Debug|x64.Build.0 = Debug|Any CPU
		{E20CDDAB-A919-4A64-B5D8-1950348AF0E5}.Debug|x86.ActiveCfg = Debug|Any CPU
		{E20CDDAB-A919-4A64-B5D8-1950348AF0E5}.Debug|x86.Build.0 = Debug|Any CPU
		{E20CDDAB-A919-4A64-B5D8-1950348AF0E5}.Release|Any CPU.ActiveCfg = Release|Any CPU
		{E20CDDAB-A919-4A64-B5D8-1950348AF0E5}.Release|Any CPU.Build.0 = Release|Any CPU
		{E20CDDAB-A919-4A64-B5D8-1950348AF0E5}.Release|x64.ActiveCfg = Release|Any CPU
		{E20CDDAB-A919-4A64-B5D8-1950348AF0E5}.Release|x64.Build.0 = Release|Any CPU
		{E20CDDAB-A919-4A64-B5D8-1950348AF0E5}.Release|x86.ActiveCfg = Release|Any CPU
		{E20CDDAB-A919-4A64-B5D8-1950348AF0E5}.Release|x86.Build.0 = Release|Any CPU
		{6728A74F-5AC0-4396-9C43-08BB35D05424}.Debug|Any CPU.ActiveCfg = Debug|Any CPU
		{6728A74F-5AC0-4396-9C43-08BB35D05424}.Debug|Any CPU.Build.0 = Debug|Any CPU
		{6728A74F-5AC0-4396-9C43-08BB35D05424}.Debug|x64.ActiveCfg = Debug|Any CPU
		{6728A74F-5AC0-4396-9C43-08BB35D05424}.Debug|x64.Build.0 = Debug|Any CPU
		{6728A74F-5AC0-4396-9C43-08BB35D05424}.Debug|x86.ActiveCfg = Debug|Any CPU
		{6728A74F-5AC0-4396-9C43-08BB35D05424}.Debug|x86.Build.0 = Debug|Any CPU
		{6728A74F-5AC0-4396-9C43-08BB35D05424}.Release|Any CPU.ActiveCfg = Release|Any CPU
		{6728A74F-5AC0-4396-9C43-08BB35D05424}.Release|Any CPU.Build.0 = Release|Any CPU
		{6728A74F-5AC0-4396-9C43-08BB35D05424}.Release|x64.ActiveCfg = Release|Any CPU
		{6728A74F-5AC0-4396-9C43-08BB35D05424}.Release|x64.Build.0 = Release|Any CPU
		{6728A74F-5AC0-4396-9C43-08BB35D05424}.Release|x86.ActiveCfg = Release|Any CPU
		{6728A74F-5AC0-4396-9C43-08BB35D05424}.Release|x86.Build.0 = Release|Any CPU
		{88FD9626-87A5-4296-9375-A267C802F709}.Debug|Any CPU.ActiveCfg = Debug|Any CPU
		{88FD9626-87A5-4296-9375-A267C802F709}.Debug|Any CPU.Build.0 = Debug|Any CPU
		{88FD9626-87A5-4296-9375-A267C802F709}.Debug|x64.ActiveCfg = Debug|Any CPU
		{88FD9626-87A5-4296-9375-A267C802F709}.Debug|x64.Build.0 = Debug|Any CPU
		{88FD9626-87A5-4296-9375-A267C802F709}.Debug|x86.ActiveCfg = Debug|Any CPU
		{88FD9626-87A5-4296-9375-A267C802F709}.Debug|x86.Build.0 = Debug|Any CPU
		{88FD9626-87A5-4296-9375-A267C802F709}.Release|Any CPU.ActiveCfg = Release|Any CPU
		{88FD9626-87A5-4296-9375-A267C802F709}.Release|Any CPU.Build.0 = Release|Any CPU
		{88FD9626-87A5-4296-9375-A267C802F709}.Release|x64.ActiveCfg = Release|Any CPU
		{88FD9626-87A5-4296-9375-A267C802F709}.Release|x64.Build.0 = Release|Any CPU
		{88FD9626-87A5-4296-9375-A267C802F709}.Release|x86.ActiveCfg = Release|Any CPU
		{88FD9626-87A5-4296-9375-A267C802F709}.Release|x86.Build.0 = Release|Any CPU
		{80EE0BB8-A766-4514-9E8F-FE55025A3A94}.Debug|Any CPU.ActiveCfg = Debug|Any CPU
		{80EE0BB8-A766-4514-9E8F-FE55025A3A94}.Debug|Any CPU.Build.0 = Debug|Any CPU
		{80EE0BB8-A766-4514-9E8F-FE55025A3A94}.Debug|x64.ActiveCfg = Debug|Any CPU
		{80EE0BB8-A766-4514-9E8F-FE55025A3A94}.Debug|x64.Build.0 = Debug|Any CPU
		{80EE0BB8-A766-4514-9E8F-FE55025A3A94}.Debug|x86.ActiveCfg = Debug|Any CPU
		{80EE0BB8-A766-4514-9E8F-FE55025A3A94}.Debug|x86.Build.0 = Debug|Any CPU
		{80EE0BB8-A766-4514-9E8F-FE55025A3A94}.Release|Any CPU.ActiveCfg = Release|Any CPU
		{80EE0BB8-A766-4514-9E8F-FE55025A3A94}.Release|Any CPU.Build.0 = Release|Any CPU
		{80EE0BB8-A766-4514-9E8F-FE55025A3A94}.Release|x64.ActiveCfg = Release|Any CPU
		{80EE0BB8-A766-4514-9E8F-FE55025A3A94}.Release|x64.Build.0 = Release|Any CPU
		{80EE0BB8-A766-4514-9E8F-FE55025A3A94}.Release|x86.ActiveCfg = Release|Any CPU
		{80EE0BB8-A766-4514-9E8F-FE55025A3A94}.Release|x86.Build.0 = Release|Any CPU
		{74DEE2BD-94A8-4EAF-9AD6-C69611A4BE3D}.Debug|Any CPU.ActiveCfg = Debug|Any CPU
		{74DEE2BD-94A8-4EAF-9AD6-C69611A4BE3D}.Debug|Any CPU.Build.0 = Debug|Any CPU
		{74DEE2BD-94A8-4EAF-9AD6-C69611A4BE3D}.Debug|x64.ActiveCfg = Debug|x64
		{74DEE2BD-94A8-4EAF-9AD6-C69611A4BE3D}.Debug|x64.Build.0 = Debug|x64
		{74DEE2BD-94A8-4EAF-9AD6-C69611A4BE3D}.Debug|x86.ActiveCfg = Debug|x86
		{74DEE2BD-94A8-4EAF-9AD6-C69611A4BE3D}.Debug|x86.Build.0 = Debug|x86
		{74DEE2BD-94A8-4EAF-9AD6-C69611A4BE3D}.Release|Any CPU.ActiveCfg = Release|Any CPU
		{74DEE2BD-94A8-4EAF-9AD6-C69611A4BE3D}.Release|Any CPU.Build.0 = Release|Any CPU
		{74DEE2BD-94A8-4EAF-9AD6-C69611A4BE3D}.Release|x64.ActiveCfg = Release|x64
		{74DEE2BD-94A8-4EAF-9AD6-C69611A4BE3D}.Release|x64.Build.0 = Release|x64
		{74DEE2BD-94A8-4EAF-9AD6-C69611A4BE3D}.Release|x86.ActiveCfg = Release|x86
		{74DEE2BD-94A8-4EAF-9AD6-C69611A4BE3D}.Release|x86.Build.0 = Release|x86
		{0CA6CC75-F62E-4DCB-B065-79D2A348962B}.Debug|Any CPU.ActiveCfg = Debug|Any CPU
		{0CA6CC75-F62E-4DCB-B065-79D2A348962B}.Debug|Any CPU.Build.0 = Debug|Any CPU
		{0CA6CC75-F62E-4DCB-B065-79D2A348962B}.Debug|x64.ActiveCfg = Debug|x64
		{0CA6CC75-F62E-4DCB-B065-79D2A348962B}.Debug|x64.Build.0 = Debug|x64
		{0CA6CC75-F62E-4DCB-B065-79D2A348962B}.Debug|x86.ActiveCfg = Debug|x86
		{0CA6CC75-F62E-4DCB-B065-79D2A348962B}.Debug|x86.Build.0 = Debug|x86
		{0CA6CC75-F62E-4DCB-B065-79D2A348962B}.Release|Any CPU.ActiveCfg = Release|Any CPU
		{0CA6CC75-F62E-4DCB-B065-79D2A348962B}.Release|Any CPU.Build.0 = Release|Any CPU
		{0CA6CC75-F62E-4DCB-B065-79D2A348962B}.Release|x64.ActiveCfg = Release|x64
		{0CA6CC75-F62E-4DCB-B065-79D2A348962B}.Release|x64.Build.0 = Release|x64
		{0CA6CC75-F62E-4DCB-B065-79D2A348962B}.Release|x86.ActiveCfg = Release|x86
		{0CA6CC75-F62E-4DCB-B065-79D2A348962B}.Release|x86.Build.0 = Release|x86
		{663CD176-665B-4860-8BB0-0DEBB27F13B8}.Debug|Any CPU.ActiveCfg = Debug|Any CPU
		{663CD176-665B-4860-8BB0-0DEBB27F13B8}.Debug|Any CPU.Build.0 = Debug|Any CPU
		{663CD176-665B-4860-8BB0-0DEBB27F13B8}.Debug|x64.ActiveCfg = Debug|Any CPU
		{663CD176-665B-4860-8BB0-0DEBB27F13B8}.Debug|x64.Build.0 = Debug|Any CPU
		{663CD176-665B-4860-8BB0-0DEBB27F13B8}.Debug|x86.ActiveCfg = Debug|Any CPU
		{663CD176-665B-4860-8BB0-0DEBB27F13B8}.Debug|x86.Build.0 = Debug|Any CPU
		{663CD176-665B-4860-8BB0-0DEBB27F13B8}.Release|Any CPU.ActiveCfg = Release|Any CPU
		{663CD176-665B-4860-8BB0-0DEBB27F13B8}.Release|Any CPU.Build.0 = Release|Any CPU
		{663CD176-665B-4860-8BB0-0DEBB27F13B8}.Release|x64.ActiveCfg = Release|Any CPU
		{663CD176-665B-4860-8BB0-0DEBB27F13B8}.Release|x64.Build.0 = Release|Any CPU
		{663CD176-665B-4860-8BB0-0DEBB27F13B8}.Release|x86.ActiveCfg = Release|Any CPU
		{663CD176-665B-4860-8BB0-0DEBB27F13B8}.Release|x86.Build.0 = Release|Any CPU
		{50C05987-E88B-4A10-BB4C-AF33F8F2482F}.Debug|Any CPU.ActiveCfg = Debug|Any CPU
		{50C05987-E88B-4A10-BB4C-AF33F8F2482F}.Debug|Any CPU.Build.0 = Debug|Any CPU
		{50C05987-E88B-4A10-BB4C-AF33F8F2482F}.Debug|x64.ActiveCfg = Debug|Any CPU
		{50C05987-E88B-4A10-BB4C-AF33F8F2482F}.Debug|x64.Build.0 = Debug|Any CPU
		{50C05987-E88B-4A10-BB4C-AF33F8F2482F}.Debug|x86.ActiveCfg = Debug|Any CPU
		{50C05987-E88B-4A10-BB4C-AF33F8F2482F}.Debug|x86.Build.0 = Debug|Any CPU
		{50C05987-E88B-4A10-BB4C-AF33F8F2482F}.Release|Any CPU.ActiveCfg = Release|Any CPU
		{50C05987-E88B-4A10-BB4C-AF33F8F2482F}.Release|Any CPU.Build.0 = Release|Any CPU
		{50C05987-E88B-4A10-BB4C-AF33F8F2482F}.Release|x64.ActiveCfg = Release|Any CPU
		{50C05987-E88B-4A10-BB4C-AF33F8F2482F}.Release|x64.Build.0 = Release|Any CPU
		{50C05987-E88B-4A10-BB4C-AF33F8F2482F}.Release|x86.ActiveCfg = Release|Any CPU
		{50C05987-E88B-4A10-BB4C-AF33F8F2482F}.Release|x86.Build.0 = Release|Any CPU
		{4DDD4310-BD6B-4578-9AA3-6333C4A9AFD4}.Debug|Any CPU.ActiveCfg = Debug|Any CPU
		{4DDD4310-BD6B-4578-9AA3-6333C4A9AFD4}.Debug|Any CPU.Build.0 = Debug|Any CPU
		{4DDD4310-BD6B-4578-9AA3-6333C4A9AFD4}.Debug|x64.ActiveCfg = Debug|Any CPU
		{4DDD4310-BD6B-4578-9AA3-6333C4A9AFD4}.Debug|x64.Build.0 = Debug|Any CPU
		{4DDD4310-BD6B-4578-9AA3-6333C4A9AFD4}.Debug|x86.ActiveCfg = Debug|Any CPU
		{4DDD4310-BD6B-4578-9AA3-6333C4A9AFD4}.Debug|x86.Build.0 = Debug|Any CPU
		{4DDD4310-BD6B-4578-9AA3-6333C4A9AFD4}.Release|Any CPU.ActiveCfg = Release|Any CPU
		{4DDD4310-BD6B-4578-9AA3-6333C4A9AFD4}.Release|Any CPU.Build.0 = Release|Any CPU
		{4DDD4310-BD6B-4578-9AA3-6333C4A9AFD4}.Release|x64.ActiveCfg = Release|Any CPU
		{4DDD4310-BD6B-4578-9AA3-6333C4A9AFD4}.Release|x64.Build.0 = Release|Any CPU
		{4DDD4310-BD6B-4578-9AA3-6333C4A9AFD4}.Release|x86.ActiveCfg = Release|Any CPU
		{4DDD4310-BD6B-4578-9AA3-6333C4A9AFD4}.Release|x86.Build.0 = Release|Any CPU
		{C11672FD-070B-4962-89BA-7A4F18934FB4}.Debug|Any CPU.ActiveCfg = Debug|Any CPU
		{C11672FD-070B-4962-89BA-7A4F18934FB4}.Debug|Any CPU.Build.0 = Debug|Any CPU
		{C11672FD-070B-4962-89BA-7A4F18934FB4}.Debug|x64.ActiveCfg = Debug|Any CPU
		{C11672FD-070B-4962-89BA-7A4F18934FB4}.Debug|x64.Build.0 = Debug|Any CPU
		{C11672FD-070B-4962-89BA-7A4F18934FB4}.Debug|x86.ActiveCfg = Debug|Any CPU
		{C11672FD-070B-4962-89BA-7A4F18934FB4}.Debug|x86.Build.0 = Debug|Any CPU
		{C11672FD-070B-4962-89BA-7A4F18934FB4}.Release|Any CPU.ActiveCfg = Release|Any CPU
		{C11672FD-070B-4962-89BA-7A4F18934FB4}.Release|Any CPU.Build.0 = Release|Any CPU
		{C11672FD-070B-4962-89BA-7A4F18934FB4}.Release|x64.ActiveCfg = Release|Any CPU
		{C11672FD-070B-4962-89BA-7A4F18934FB4}.Release|x64.Build.0 = Release|Any CPU
		{C11672FD-070B-4962-89BA-7A4F18934FB4}.Release|x86.ActiveCfg = Release|Any CPU
		{C11672FD-070B-4962-89BA-7A4F18934FB4}.Release|x86.Build.0 = Release|Any CPU
	EndGlobalSection
	GlobalSection(SolutionProperties) = preSolution
		HideSolutionNode = FALSE
	EndGlobalSection
	GlobalSection(NestedProjects) = preSolution
		{13DBFF88-F180-41C6-903F-D09D99840C45} = {7A8049B0-8147-4F8B-9171-408863122D48}
		{D3848D9B-E8ED-497C-8FFC-3BE63DD34ACF} = {7A8049B0-8147-4F8B-9171-408863122D48}
		{24FD19B5-F2FE-41AE-AB47-99F141171C1E} = {7A8049B0-8147-4F8B-9171-408863122D48}
		{4516F89C-2E03-425A-A2C2-7EB7AABCFE3A} = {7A8049B0-8147-4F8B-9171-408863122D48}
		{E20CDDAB-A919-4A64-B5D8-1950348AF0E5} = {7A8049B0-8147-4F8B-9171-408863122D48}
		{7A8049B0-8147-4F8B-9171-408863122D48} = {812AA97D-6CA5-429B-9FB3-9FF0CC45BC2F}
		{6728A74F-5AC0-4396-9C43-08BB35D05424} = {812AA97D-6CA5-429B-9FB3-9FF0CC45BC2F}
		{88FD9626-87A5-4296-9375-A267C802F709} = {812AA97D-6CA5-429B-9FB3-9FF0CC45BC2F}
		{80EE0BB8-A766-4514-9E8F-FE55025A3A94} = {812AA97D-6CA5-429B-9FB3-9FF0CC45BC2F}
		{74DEE2BD-94A8-4EAF-9AD6-C69611A4BE3D} = {812AA97D-6CA5-429B-9FB3-9FF0CC45BC2F}
		{0CA6CC75-F62E-4DCB-B065-79D2A348962B} = {812AA97D-6CA5-429B-9FB3-9FF0CC45BC2F}
		{663CD176-665B-4860-8BB0-0DEBB27F13B8} = {812AA97D-6CA5-429B-9FB3-9FF0CC45BC2F}
		{50C05987-E88B-4A10-BB4C-AF33F8F2482F} = {812AA97D-6CA5-429B-9FB3-9FF0CC45BC2F}
		{4DDD4310-BD6B-4578-9AA3-6333C4A9AFD4} = {812AA97D-6CA5-429B-9FB3-9FF0CC45BC2F}
	EndGlobalSection
EndGlobal
